// !$*UTF8*$!
{
	archiveVersion = 1;
	classes = {
	};
	objectVersion = 46;
	objects = {

/* Begin PBXBuildFile section */
		97D3DF291B4AFBA100FACF7C /* Dictionary.swift in Sources */ = {isa = PBXBuildFile; fileRef = 97D3DF281B4AFBA100FACF7C /* Dictionary.swift */; };
		97D3DF2B1B4B061C00FACF7C /* words.txt in Resources */ = {isa = PBXBuildFile; fileRef = 97D3DF2A1B4B061C00FACF7C /* words.txt */; };
		E70FFDE71B2214AA00384F67 /* AppDelegate.swift in Sources */ = {isa = PBXBuildFile; fileRef = E70FFDE61B2214AA00384F67 /* AppDelegate.swift */; };
		E70FFDE91B2214AA00384F67 /* GameViewController.swift in Sources */ = {isa = PBXBuildFile; fileRef = E70FFDE81B2214AA00384F67 /* GameViewController.swift */; };
		E70FFDEC1B2214AA00384F67 /* Main.storyboard in Resources */ = {isa = PBXBuildFile; fileRef = E70FFDEA1B2214AA00384F67 /* Main.storyboard */; };
		E70FFDEE1B2214AA00384F67 /* Images.xcassets in Resources */ = {isa = PBXBuildFile; fileRef = E70FFDED1B2214AA00384F67 /* Images.xcassets */; };
		E70FFDF11B2214AA00384F67 /* LaunchScreen.xib in Resources */ = {isa = PBXBuildFile; fileRef = E70FFDEF1B2214AA00384F67 /* LaunchScreen.xib */; };
		E70FFDFD1B2214AA00384F67 /* BeeTests.swift in Sources */ = {isa = PBXBuildFile; fileRef = E70FFDFC1B2214AA00384F67 /* BeeTests.swift */; };
		E70FFE071B221ECD00384F67 /* Puzzle.swift in Sources */ = {isa = PBXBuildFile; fileRef = E70FFE061B221ECD00384F67 /* Puzzle.swift */; };
		E70FFE091B2225C300384F67 /* Game.swift in Sources */ = {isa = PBXBuildFile; fileRef = E70FFE081B2225C300384F67 /* Game.swift */; };
/* End PBXBuildFile section */

/* Begin PBXContainerItemProxy section */
		E70FFDF71B2214AA00384F67 /* PBXContainerItemProxy */ = {
			isa = PBXContainerItemProxy;
			containerPortal = E70FFDD91B2214AA00384F67 /* Project object */;
			proxyType = 1;
			remoteGlobalIDString = E70FFDE01B2214AA00384F67;
			remoteInfo = Bee;
		};
/* End PBXContainerItemProxy section */

/* Begin PBXFileReference section */
		97D3DF281B4AFBA100FACF7C /* Dictionary.swift */ = {isa = PBXFileReference; fileEncoding = 4; lastKnownFileType = sourcecode.swift; path = Dictionary.swift; sourceTree = "<group>"; };
		97D3DF2A1B4B061C00FACF7C /* words.txt */ = {isa = PBXFileReference; fileEncoding = 4; lastKnownFileType = text; path = words.txt; sourceTree = "<group>"; };
		E70FFDE11B2214AA00384F67 /* Bee.app */ = {isa = PBXFileReference; explicitFileType = wrapper.application; includeInIndex = 0; path = Bee.app; sourceTree = BUILT_PRODUCTS_DIR; };
		E70FFDE51B2214AA00384F67 /* Info.plist */ = {isa = PBXFileReference; lastKnownFileType = text.plist.xml; path = Info.plist; sourceTree = "<group>"; };
		E70FFDE61B2214AA00384F67 /* AppDelegate.swift */ = {isa = PBXFileReference; lastKnownFileType = sourcecode.swift; path = AppDelegate.swift; sourceTree = "<group>"; };
		E70FFDE81B2214AA00384F67 /* GameViewController.swift */ = {isa = PBXFileReference; lastKnownFileType = sourcecode.swift; path = GameViewController.swift; sourceTree = "<group>"; };
		E70FFDEB1B2214AA00384F67 /* Base */ = {isa = PBXFileReference; lastKnownFileType = file.storyboard; name = Base; path = Base.lproj/Main.storyboard; sourceTree = "<group>"; };
		E70FFDED1B2214AA00384F67 /* Images.xcassets */ = {isa = PBXFileReference; lastKnownFileType = folder.assetcatalog; path = Images.xcassets; sourceTree = "<group>"; };
		E70FFDF01B2214AA00384F67 /* Base */ = {isa = PBXFileReference; lastKnownFileType = file.xib; name = Base; path = Base.lproj/LaunchScreen.xib; sourceTree = "<group>"; };
		E70FFDF61B2214AA00384F67 /* BeeTests.xctest */ = {isa = PBXFileReference; explicitFileType = wrapper.cfbundle; includeInIndex = 0; path = BeeTests.xctest; sourceTree = BUILT_PRODUCTS_DIR; };
		E70FFDFB1B2214AA00384F67 /* Info.plist */ = {isa = PBXFileReference; lastKnownFileType = text.plist.xml; path = Info.plist; sourceTree = "<group>"; };
		E70FFDFC1B2214AA00384F67 /* BeeTests.swift */ = {isa = PBXFileReference; lastKnownFileType = sourcecode.swift; path = BeeTests.swift; sourceTree = "<group>"; };
		E70FFE061B221ECD00384F67 /* Puzzle.swift */ = {isa = PBXFileReference; fileEncoding = 4; lastKnownFileType = sourcecode.swift; path = Puzzle.swift; sourceTree = "<group>"; };
		E70FFE081B2225C300384F67 /* Game.swift */ = {isa = PBXFileReference; fileEncoding = 4; lastKnownFileType = sourcecode.swift; path = Game.swift; sourceTree = "<group>"; };
/* End PBXFileReference section */

/* Begin PBXFrameworksBuildPhase section */
		E70FFDDE1B2214AA00384F67 /* Frameworks */ = {
			isa = PBXFrameworksBuildPhase;
			buildActionMask = 2147483647;
			files = (
			);
			runOnlyForDeploymentPostprocessing = 0;
		};
		E70FFDF31B2214AA00384F67 /* Frameworks */ = {
			isa = PBXFrameworksBuildPhase;
			buildActionMask = 2147483647;
			files = (
			);
			runOnlyForDeploymentPostprocessing = 0;
		};
/* End PBXFrameworksBuildPhase section */

/* Begin PBXGroup section */
		E70FFDD81B2214AA00384F67 = {
			isa = PBXGroup;
			children = (
				E70FFDE31B2214AA00384F67 /* Bee */,
				E70FFDF91B2214AA00384F67 /* BeeTests */,
				E70FFDE21B2214AA00384F67 /* Products */,
			);
			sourceTree = "<group>";
		};
		E70FFDE21B2214AA00384F67 /* Products */ = {
			isa = PBXGroup;
			children = (
				E70FFDE11B2214AA00384F67 /* Bee.app */,
				E70FFDF61B2214AA00384F67 /* BeeTests.xctest */,
			);
			name = Products;
			sourceTree = "<group>";
		};
		E70FFDE31B2214AA00384F67 /* Bee */ = {
			isa = PBXGroup;
			children = (
				E70FFDE61B2214AA00384F67 /* AppDelegate.swift */,
				E70FFDE81B2214AA00384F67 /* GameViewController.swift */,
				E70FFDEA1B2214AA00384F67 /* Main.storyboard */,
				E70FFDED1B2214AA00384F67 /* Images.xcassets */,
				E70FFDEF1B2214AA00384F67 /* LaunchScreen.xib */,
				E70FFDE41B2214AA00384F67 /* Supporting Files */,
				E70FFE061B221ECD00384F67 /* Puzzle.swift */,
				E70FFE081B2225C300384F67 /* Game.swift */,
				97D3DF281B4AFBA100FACF7C /* Dictionary.swift */,
				97D3DF2A1B4B061C00FACF7C /* words.txt */,
			);
			path = Bee;
			sourceTree = "<group>";
		};
		E70FFDE41B2214AA00384F67 /* Supporting Files */ = {
			isa = PBXGroup;
			children = (
				E70FFDE51B2214AA00384F67 /* Info.plist */,
			);
			name = "Supporting Files";
			sourceTree = "<group>";
		};
		E70FFDF91B2214AA00384F67 /* BeeTests */ = {
			isa = PBXGroup;
			children = (
				E70FFDFC1B2214AA00384F67 /* BeeTests.swift */,
				E70FFDFA1B2214AA00384F67 /* Supporting Files */,
			);
			path = BeeTests;
			sourceTree = "<group>";
		};
		E70FFDFA1B2214AA00384F67 /* Supporting Files */ = {
			isa = PBXGroup;
			children = (
				E70FFDFB1B2214AA00384F67 /* Info.plist */,
			);
			name = "Supporting Files";
			sourceTree = "<group>";
		};
/* End PBXGroup section */

/* Begin PBXNativeTarget section */
		E70FFDE01B2214AA00384F67 /* Bee */ = {
			isa = PBXNativeTarget;
			buildConfigurationList = E70FFE001B2214AA00384F67 /* Build configuration list for PBXNativeTarget "Bee" */;
			buildPhases = (
				E70FFDDD1B2214AA00384F67 /* Sources */,
				E70FFDDE1B2214AA00384F67 /* Frameworks */,
				E70FFDDF1B2214AA00384F67 /* Resources */,
			);
			buildRules = (
			);
			dependencies = (
			);
			name = Bee;
			productName = Bee;
			productReference = E70FFDE11B2214AA00384F67 /* Bee.app */;
			productType = "com.apple.product-type.application";
		};
		E70FFDF51B2214AA00384F67 /* BeeTests */ = {
			isa = PBXNativeTarget;
			buildConfigurationList = E70FFE031B2214AA00384F67 /* Build configuration list for PBXNativeTarget "BeeTests" */;
			buildPhases = (
				E70FFDF21B2214AA00384F67 /* Sources */,
				E70FFDF31B2214AA00384F67 /* Frameworks */,
				E70FFDF41B2214AA00384F67 /* Resources */,
			);
			buildRules = (
			);
			dependencies = (
				E70FFDF81B2214AA00384F67 /* PBXTargetDependency */,
			);
			name = BeeTests;
			productName = BeeTests;
			productReference = E70FFDF61B2214AA00384F67 /* BeeTests.xctest */;
			productType = "com.apple.product-type.bundle.unit-test";
		};
/* End PBXNativeTarget section */

/* Begin PBXProject section */
		E70FFDD91B2214AA00384F67 /* Project object */ = {
			isa = PBXProject;
			attributes = {
				CLASSPREFIX = "";
				LastUpgradeCheck = 0630;
				ORGANIZATIONNAME = MojoTech;
				TargetAttributes = {
					E70FFDE01B2214AA00384F67 = {
						CreatedOnToolsVersion = 6.3.1;
						DevelopmentTeam = EW56673BU3;
					};
					E70FFDF51B2214AA00384F67 = {
						CreatedOnToolsVersion = 6.3.1;
						TestTargetID = E70FFDE01B2214AA00384F67;
					};
				};
			};
			buildConfigurationList = E70FFDDC1B2214AA00384F67 /* Build configuration list for PBXProject "Bee" */;
			compatibilityVersion = "Xcode 3.2";
			developmentRegion = English;
			hasScannedForEncodings = 0;
			knownRegions = (
				en,
				Base,
			);
			mainGroup = E70FFDD81B2214AA00384F67;
			productRefGroup = E70FFDE21B2214AA00384F67 /* Products */;
			projectDirPath = "";
			projectRoot = "";
			targets = (
				E70FFDE01B2214AA00384F67 /* Bee */,
				E70FFDF51B2214AA00384F67 /* BeeTests */,
			);
		};
/* End PBXProject section */

/* Begin PBXResourcesBuildPhase section */
		E70FFDDF1B2214AA00384F67 /* Resources */ = {
			isa = PBXResourcesBuildPhase;
			buildActionMask = 2147483647;
			files = (
				E70FFDEC1B2214AA00384F67 /* Main.storyboard in Resources */,
				E70FFDF11B2214AA00384F67 /* LaunchScreen.xib in Resources */,
				97D3DF2B1B4B061C00FACF7C /* words.txt in Resources */,
				E70FFDEE1B2214AA00384F67 /* Images.xcassets in Resources */,
			);
			runOnlyForDeploymentPostprocessing = 0;
		};
		E70FFDF41B2214AA00384F67 /* Resources */ = {
			isa = PBXResourcesBuildPhase;
			buildActionMask = 2147483647;
			files = (
			);
			runOnlyForDeploymentPostprocessing = 0;
		};
/* End PBXResourcesBuildPhase section */

/* Begin PBXSourcesBuildPhase section */
		E70FFDDD1B2214AA00384F67 /* Sources */ = {
			isa = PBXSourcesBuildPhase;
			buildActionMask = 2147483647;
			files = (
				E70FFE071B221ECD00384F67 /* Puzzle.swift in Sources */,
				97D3DF291B4AFBA100FACF7C /* Dictionary.swift in Sources */,
				E70FFDE91B2214AA00384F67 /* GameViewController.swift in Sources */,
				E70FFDE71B2214AA00384F67 /* AppDelegate.swift in Sources */,
				E70FFE091B2225C300384F67 /* Game.swift in Sources */,
			);
			runOnlyForDeploymentPostprocessing = 0;
		};
		E70FFDF21B2214AA00384F67 /* Sources */ = {
			isa = PBXSourcesBuildPhase;
			buildActionMask = 2147483647;
			files = (
				E70FFDFD1B2214AA00384F67 /* BeeTests.swift in Sources */,
			);
			runOnlyForDeploymentPostprocessing = 0;
		};
/* End PBXSourcesBuildPhase section */

/* Begin PBXTargetDependency section */
		E70FFDF81B2214AA00384F67 /* PBXTargetDependency */ = {
			isa = PBXTargetDependency;
			target = E70FFDE01B2214AA00384F67 /* Bee */;
			targetProxy = E70FFDF71B2214AA00384F67 /* PBXContainerItemProxy */;
		};
/* End PBXTargetDependency section */

/* Begin PBXVariantGroup section */
		E70FFDEA1B2214AA00384F67 /* Main.storyboard */ = {
			isa = PBXVariantGroup;
			children = (
				E70FFDEB1B2214AA00384F67 /* Base */,
			);
			name = Main.storyboard;
			sourceTree = "<group>";
		};
		E70FFDEF1B2214AA00384F67 /* LaunchScreen.xib */ = {
			isa = PBXVariantGroup;
			children = (
				E70FFDF01B2214AA00384F67 /* Base */,
			);
			name = LaunchScreen.xib;
			sourceTree = "<group>";
		};
/* End PBXVariantGroup section */

/* Begin XCBuildConfiguration section */
		E70FFDFE1B2214AA00384F67 /* Debug */ = {
			isa = XCBuildConfiguration;
			buildSettings = {
				ALWAYS_SEARCH_USER_PATHS = NO;
				CLANG_CXX_LANGUAGE_STANDARD = "gnu++0x";
				CLANG_CXX_LIBRARY = "libc++";
				CLANG_ENABLE_MODULES = YES;
				CLANG_ENABLE_OBJC_ARC = YES;
				CLANG_WARN_BOOL_CONVERSION = YES;
				CLANG_WARN_CONSTANT_CONVERSION = YES;
				CLANG_WARN_DIRECT_OBJC_ISA_USAGE = YES_ERROR;
				CLANG_WARN_EMPTY_BODY = YES;
				CLANG_WARN_ENUM_CONVERSION = YES;
				CLANG_WARN_INT_CONVERSION = YES;
				CLANG_WARN_OBJC_ROOT_CLASS = YES_ERROR;
				CLANG_WARN_UNREACHABLE_CODE = YES;
				CLANG_WARN__DUPLICATE_METHOD_MATCH = YES;
				"CODE_SIGN_IDENTITY[sdk=iphoneos*]" = "iPhone Developer";
				COPY_PHASE_STRIP = NO;
				DEBUG_INFORMATION_FORMAT = "dwarf-with-dsym";
				ENABLE_STRICT_OBJC_MSGSEND = YES;
				GCC_C_LANGUAGE_STANDARD = gnu99;
				GCC_DYNAMIC_NO_PIC = NO;
				GCC_NO_COMMON_BLOCKS = YES;
				GCC_OPTIMIZATION_LEVEL = 0;
				GCC_PREPROCESSOR_DEFINITIONS = (
					"DEBUG=1",
					"$(inherited)",
				);
				GCC_SYMBOLS_PRIVATE_EXTERN = NO;
				GCC_WARN_64_TO_32_BIT_CONVERSION = YES;
				GCC_WARN_ABOUT_RETURN_TYPE = YES_ERROR;
				GCC_WARN_UNDECLARED_SELECTOR = YES;
				GCC_WARN_UNINITIALIZED_AUTOS = YES_AGGRESSIVE;
				GCC_WARN_UNUSED_FUNCTION = YES;
				GCC_WARN_UNUSED_VARIABLE = YES;
				IPHONEOS_DEPLOYMENT_TARGET = 8.3;
				MTL_ENABLE_DEBUG_INFO = YES;
				ONLY_ACTIVE_ARCH = YES;
				SDKROOT = iphoneos;
				SWIFT_OPTIMIZATION_LEVEL = "-Onone";
				TARGETED_DEVICE_FAMILY = "1,2";
			};
			name = Debug;
		};
		E70FFDFF1B2214AA00384F67 /* Release */ = {
			isa = XCBuildConfiguration;
			buildSettings = {
				ALWAYS_SEARCH_USER_PATHS = NO;
				CLANG_CXX_LANGUAGE_STANDARD = "gnu++0x";
				CLANG_CXX_LIBRARY = "libc++";
				CLANG_ENABLE_MODULES = YES;
				CLANG_ENABLE_OBJC_ARC = YES;
				CLANG_WARN_BOOL_CONVERSION = YES;
				CLANG_WARN_CONSTANT_CONVERSION = YES;
				CLANG_WARN_DIRECT_OBJC_ISA_USAGE = YES_ERROR;
				CLANG_WARN_EMPTY_BODY = YES;
				CLANG_WARN_ENUM_CONVERSION = YES;
				CLANG_WARN_INT_CONVERSION = YES;
				CLANG_WARN_OBJC_ROOT_CLASS = YES_ERROR;
				CLANG_WARN_UNREACHABLE_CODE = YES;
				CLANG_WARN__DUPLICATE_METHOD_MATCH = YES;
				"CODE_SIGN_IDENTITY[sdk=iphoneos*]" = "iPhone Developer";
				COPY_PHASE_STRIP = NO;
				DEBUG_INFORMATION_FORMAT = "dwarf-with-dsym";
				ENABLE_NS_ASSERTIONS = NO;
				ENABLE_STRICT_OBJC_MSGSEND = YES;
				GCC_C_LANGUAGE_STANDARD = gnu99;
				GCC_NO_COMMON_BLOCKS = YES;
				GCC_WARN_64_TO_32_BIT_CONVERSION = YES;
				GCC_WARN_ABOUT_RETURN_TYPE = YES_ERROR;
				GCC_WARN_UNDECLARED_SELECTOR = YES;
				GCC_WARN_UNINITIALIZED_AUTOS = YES_AGGRESSIVE;
				GCC_WARN_UNUSED_FUNCTION = YES;
				GCC_WARN_UNUSED_VARIABLE = YES;
				IPHONEOS_DEPLOYMENT_TARGET = 8.3;
				MTL_ENABLE_DEBUG_INFO = NO;
				SDKROOT = iphoneos;
				TARGETED_DEVICE_FAMILY = "1,2";
				VALIDATE_PRODUCT = YES;
			};
			name = Release;
		};
		E70FFE011B2214AA00384F67 /* Debug */ = {
			isa = XCBuildConfiguration;
			buildSettings = {
				ASSETCATALOG_COMPILER_APPICON_NAME = AppIcon;
				ASSETCATALOG_COMPILER_LAUNCHIMAGE_NAME = LaunchImage;
				CODE_SIGN_IDENTITY = "iPhone Developer";
				"CODE_SIGN_IDENTITY[sdk=iphoneos*]" = "iPhone Developer";
				INFOPLIST_FILE = Bee/Info.plist;
				LD_RUNPATH_SEARCH_PATHS = "$(inherited) @executable_path/Frameworks";
				PRODUCT_NAME = "$(TARGET_NAME)";
				PROVISIONING_PROFILE = "";
			};
			name = Debug;
		};
		E70FFE021B2214AA00384F67 /* Release */ = {
			isa = XCBuildConfiguration;
			buildSettings = {
				ASSETCATALOG_COMPILER_APPICON_NAME = AppIcon;
				ASSETCATALOG_COMPILER_LAUNCHIMAGE_NAME = LaunchImage;
				CODE_SIGN_IDENTITY = "iPhone Developer";
				"CODE_SIGN_IDENTITY[sdk=iphoneos*]" = "iPhone Developer";
				INFOPLIST_FILE = Bee/Info.plist;
				LD_RUNPATH_SEARCH_PATHS = "$(inherited) @executable_path/Frameworks";
				PRODUCT_NAME = "$(TARGET_NAME)";
				PROVISIONING_PROFILE = "";
			};
			name = Release;
		};
		E70FFE041B2214AA00384F67 /* Debug */ = {
			isa = XCBuildConfiguration;
			buildSettings = {
				BUNDLE_LOADER = "$(TEST_HOST)";
				FRAMEWORK_SEARCH_PATHS = (
					"$(SDKROOT)/Developer/Library/Frameworks",
					"$(inherited)",
				);
				GCC_PREPROCESSOR_DEFINITIONS = (
					"DEBUG=1",
					"$(inherited)",
				);
				INFOPLIST_FILE = BeeTests/Info.plist;
				LD_RUNPATH_SEARCH_PATHS = "$(inherited) @executable_path/Frameworks @loader_path/Frameworks";
				PRODUCT_NAME = "$(TARGET_NAME)";
				TEST_HOST = "$(BUILT_PRODUCTS_DIR)/Bee.app/Bee";
			};
			name = Debug;
		};
		E70FFE051B2214AA00384F67 /* Release */ = {
			isa = XCBuildConfiguration;
			buildSettings = {
				BUNDLE_LOADER = "$(TEST_HOST)";
				FRAMEWORK_SEARCH_PATHS = (
					"$(SDKROOT)/Developer/Library/Frameworks",
					"$(inherited)",
				);
				INFOPLIST_FILE = BeeTests/Info.plist;
				LD_RUNPATH_SEARCH_PATHS = "$(inherited) @executable_path/Frameworks @loader_path/Frameworks";
				PRODUCT_NAME = "$(TARGET_NAME)";
				TEST_HOST = "$(BUILT_PRODUCTS_DIR)/Bee.app/Bee";
			};
			name = Release;
		};
/* End XCBuildConfiguration section */

/* Begin XCConfigurationList section */
		E70FFDDC1B2214AA00384F67 /* Build configuration list for PBXProject "Bee" */ = {
			isa = XCConfigurationList;
			buildConfigurations = (
				E70FFDFE1B2214AA00384F67 /* Debug */,
				E70FFDFF1B2214AA00384F67 /* Release */,
			);
			defaultConfigurationIsVisible = 0;
			defaultConfigurationName = Release;
		};
		E70FFE001B2214AA00384F67 /* Build configuration list for PBXNativeTarget "Bee" */ = {
			isa = XCConfigurationList;
			buildConfigurations = (
				E70FFE011B2214AA00384F67 /* Debug */,
				E70FFE021B2214AA00384F67 /* Release */,
			);
			defaultConfigurationIsVisible = 0;
			defaultConfigurationName = Release;
		};
		E70FFE031B2214AA00384F67 /* Build configuration list for PBXNativeTarget "BeeTests" */ = {
			isa = XCConfigurationList;
			buildConfigurations = (
				E70FFE041B2214AA00384F67 /* Debug */,
				E70FFE051B2214AA00384F67 /* Release */,
			);
			defaultConfigurationIsVisible = 0;
			defaultConfigurationName = Release;
		};
/* End XCConfigurationList section */
	};
	rootObject = E70FFDD91B2214AA00384F67 /* Project object */;
}
